# THIS IS AN AUTOGENERATED FILE. DO NOT EDIT THIS FILE DIRECTLY.
# yarn lockfile v1


"data-api-client@^1.2.0":
  "integrity" "sha512-AGv4lWOF4RyoqUOLrYWbZeIP7eyFCM2UxGJ92XG9Q0xHofrT/67plprl0mAsxpAYdWQ8u0hLZFxC+iQSASsjgQ=="
  "resolved" "https://registry.npmjs.org/data-api-client/-/data-api-client-1.2.0.tgz"
  "version" "1.2.0"
  dependencies:
    "sqlstring" "^2.3.2"

"sqlstring@^2.3.2":
  "integrity" "sha512-vF4ZbYdKS8OnoJAWBmMxCQDkiEBkGQYU7UZPtL8flbDRSNkhaXvRJ279ZtI6M+zDaQovVU4tuRgzK5fVhvFAhg=="
  "resolved" "https://registry.npmjs.org/sqlstring/-/sqlstring-2.3.2.tgz"
  "version" "2.3.2"

"uuid@^8.3.2":
  "integrity" "sha512-+NYs2QeMWy+GWFOEm9xnn6HCDp0l7QBD7ml8zLUmJ+93Q5NF0NocErnwkTkXVFNiX3/fpC6afS8Dhb/gz7R7eg=="
  "resolved" "https://registry.npmjs.org/uuid/-/uuid-8.3.2.tgz"
  "version" "8.3.2"
